
Microsoft Visual Studio Solution File, Format Version 12.00
# Visual Studio Version 17
VisualStudioVersion = 17.0.31903.59
MinimumVisualStudioVersion = 10.0.40219.1
Project("{2150E333-8FDC-42A3-9474-1A3956D46DE8}") = "src", "src", "{7FAB2D63-4D80-5A8A-89FB-922ED27A3C87}"
EndProject
Project("{2150E333-8FDC-42A3-9474-1A3956D46DE8}") = "BuildingBlocks", "BuildingBlocks", "{B167B1EB-0E9A-581C-A22D-86F2D3494954}"
EndProject
Project("{2150E333-8FDC-42A3-9474-1A3956D46DE8}") = "Onboarding", "Onboarding", "{9196590B-29EE-5EE3-B01E-199965C1C63B}"
EndProject
Project("{2150E333-8FDC-42A3-9474-1A3956D46DE8}") = "Verification", "Verification", "{89A4F1F5-D9A1-5F5E-9267-D662367F7AB8}"
EndProject
Project("{2150E333-8FDC-42A3-9474-1A3956D46DE8}") = "Backoffice", "Backoffice", "{529B337A-C9F2-5856-9DA2-27061F126D72}"
EndProject
Project("{2150E333-8FDC-42A3-9474-1A3956D46DE8}") = "Providers", "Providers", "{3E9E64C2-3727-59BF-9DCC-107E8A4977CB}"
EndProject
Project("{2150E333-8FDC-42A3-9474-1A3956D46DE8}") = "tests", "tests", "{7443BF67-6ED9-5CFA-AF5F-14C399CDC16B}"
EndProject
Project("{9A19103F-16F7-4668-BE54-9A1E7A4F7556}") = "Atlas.Common", "src\BuildingBlocks\Atlas.Common\Atlas.Common.csproj", "{E7F038BE-660A-5A38-ACE1-70A8E7DD74C8}"
EndProject
Project("{9A19103F-16F7-4668-BE54-9A1E7A4F7556}") = "Atlas.Markets", "src\BuildingBlocks\Atlas.Markets\Atlas.Markets.csproj", "{92494DD7-09E8-5996-AFEB-F53CEC1781CE}"
EndProject
Project("{9A19103F-16F7-4668-BE54-9A1E7A4F7556}") = "Atlas.Contracts", "src\BuildingBlocks\Atlas.Contracts\Atlas.Contracts.csproj", "{60A8E914-D805-55CF-9D51-A972AB7178D4}"
EndProject
Project("{9A19103F-16F7-4668-BE54-9A1E7A4F7556}") = "Atlas.ServiceDefaults", "src\BuildingBlocks\Atlas.ServiceDefaults\Atlas.ServiceDefaults.csproj", "{5CF65310-E844-50A5-B830-B6DC54796256}"
EndProject
Project("{9A19103F-16F7-4668-BE54-9A1E7A4F7556}") = "Atlas.Onboarding.Domain", "src\Onboarding\Atlas.Onboarding.Domain\Atlas.Onboarding.Domain.csproj", "{BC21606B-0B6A-57AB-A5E5-339A183C76E1}"
EndProject
Project("{9A19103F-16F7-4668-BE54-9A1E7A4F7556}") = "Atlas.Onboarding.UseCases", "src\Onboarding\Atlas.Onboarding.UseCases\Atlas.Onboarding.UseCases.csproj", "{601C57A6-CB7E-5C4E-ACCA-A48ACC33966C}"
EndProject
Project("{9A19103F-16F7-4668-BE54-9A1E7A4F7556}") = "Atlas.Onboarding.Infrastructure", "src\Onboarding\Atlas.Onboarding.Infrastructure\Atlas.Onboarding.Infrastructure.csproj", "{E4004F9A-2F29-5424-8AC9-BE707823BEA5}"
EndProject
Project("{9A19103F-16F7-4668-BE54-9A1E7A4F7556}") = "Atlas.Onboarding.Api", "src\Onboarding\Atlas.Onboarding.Api\Atlas.Onboarding.Api.csproj", "{24D97A8A-9CD0-5561-823E-55C0CD8E0660}"
EndProject
Project("{9A19103F-16F7-4668-BE54-9A1E7A4F7556}") = "Atlas.Verification.Worker", "src\Verification\Atlas.Verification.Worker\Atlas.Verification.Worker.csproj", "{07C56BC0-BC65-5DF5-ACE4-567099BC94B4}"
EndProject
Project("{9A19103F-16F7-4668-BE54-9A1E7A4F7556}") = "Atlas.Backoffice.Api", "src\Backoffice\Atlas.Backoffice.Api\Atlas.Backoffice.Api.csproj", "{7D7FEE05-CF0C-5A89-9D6C-8A24C5FC7699}"
EndProject
Project("{9A19103F-16F7-4668-BE54-9A1E7A4F7556}") = "Atlas.Providers.Mock", "src\Providers\Atlas.Providers.Mock\Atlas.Providers.Mock.csproj", "{BF7D57C3-7E6D-5CA2-BE08-5EA913A0CBB2}"
EndProject
Project("{9A19103F-16F7-4668-BE54-9A1E7A4F7556}") = "Atlas.Markets.Tests", "tests\Atlas.Markets.Tests\Atlas.Markets.Tests.csproj", "{359C8107-2ECA-5E2B-9C05-8BBB6E559FDB}"
EndProject
Project("{9A19103F-16F7-4668-BE54-9A1E7A4F7556}") = "Atlas.Onboarding.Domain.Tests", "tests\Atlas.Onboarding.Domain.Tests\Atlas.Onboarding.Domain.Tests.csproj", "{92E41D06-5FBD-5A22-8F5C-1D0255DD89EB}"
EndProject
Project("{9A19103F-16F7-4668-BE54-9A1E7A4F7556}") = "Atlas.Backoffice.Tests", "tests\Atlas.Backoffice.Tests\Atlas.Backoffice.Tests.csproj", "{3A6398B7-F88E-5B43-9AEB-DB9DB0B8E8AE}"
EndProject
Global
	GlobalSection(SolutionConfigurationPlatforms) = preSolution
		Debug|Any CPU = Debug|Any CPU
		Release|Any CPU = Release|Any CPU
	EndGlobalSection
	GlobalSection(ProjectConfigurationPlatforms) = postSolution
		{E7F038BE-660A-5A38-ACE1-70A8E7DD74C8}.Debug|Any CPU.ActiveCfg = Debug|Any CPU
		{E7F038BE-660A-5A38-ACE1-70A8E7DD74C8}.Debug|Any CPU.Build.0 = Debug|Any CPU
		{E7F038BE-660A-5A38-ACE1-70A8E7DD74C8}.Release|Any CPU.ActiveCfg = Release|Any CPU
		{E7F038BE-660A-5A38-ACE1-70A8E7DD74C8}.Release|Any CPU.Build.0 = Release|Any CPU
		{92494DD7-09E8-5996-AFEB-F53CEC1781CE}.Debug|Any CPU.ActiveCfg = Debug|Any CPU
		{92494DD7-09E8-5996-AFEB-F53CEC1781CE}.Debug|Any CPU.Build.0 = Debug|Any CPU
		{92494DD7-09E8-5996-AFEB-F53CEC1781CE}.Release|Any CPU.ActiveCfg = Release|Any CPU
		{92494DD7-09E8-5996-AFEB-F53CEC1781CE}.Release|Any CPU.Build.0 = Release|Any CPU
		{60A8E914-D805-55CF-9D51-A972AB7178D4}.Debug|Any CPU.ActiveCfg = Debug|Any CPU
		{60A8E914-D805-55CF-9D51-A972AB7178D4}.Debug|Any CPU.Build.0 = Debug|Any CPU
		{60A8E914-D805-55CF-9D51-A972AB7178D4}.Release|Any CPU.ActiveCfg = Release|Any CPU
		{60A8E914-D805-55CF-9D51-A972AB7178D4}.Release|Any CPU.Build.0 = Release|Any CPU
		{5CF65310-E844-50A5-B830-B6DC54796256}.Debug|Any CPU.ActiveCfg = Debug|Any CPU
		{5CF65310-E844-50A5-B830-B6DC54796256}.Debug|Any CPU.Build.0 = Debug|Any CPU
		{5CF65310-E844-50A5-B830-B6DC54796256}.Release|Any CPU.ActiveCfg = Release|Any CPU
		{5CF65310-E844-50A5-B830-B6DC54796256}.Release|Any CPU.Build.0 = Release|Any CPU
		{BC21606B-0B6A-57AB-A5E5-339A183C76E1}.Debug|Any CPU.ActiveCfg = Debug|Any CPU
		{BC21606B-0B6A-57AB-A5E5-339A183C76E1}.Debug|Any CPU.Build.0 = Debug|Any CPU
		{BC21606B-0B6A-57AB-A5E5-339A183C76E1}.Release|Any CPU.ActiveCfg = Release|Any CPU
		{BC21606B-0B6A-57AB-A5E5-339A183C76E1}.Release|Any CPU.Build.0 = Release|Any CPU
		{601C57A6-CB7E-5C4E-ACCA-A48ACC33966C}.Debug|Any CPU.ActiveCfg = Debug|Any CPU
		{601C57A6-CB7E-5C4E-ACCA-A48ACC33966C}.Debug|Any CPU.Build.0 = Debug|Any CPU
		{601C57A6-CB7E-5C4E-ACCA-A48ACC33966C}.Release|Any CPU.ActiveCfg = Release|Any CPU
		{601C57A6-CB7E-5C4E-ACCA-A48ACC33966C}.Release|Any CPU.Build.0 = Release|Any CPU
		{E4004F9A-2F29-5424-8AC9-BE707823BEA5}.Debug|Any CPU.ActiveCfg = Debug|Any CPU
		{E4004F9A-2F29-5424-8AC9-BE707823BEA5}.Debug|Any CPU.Build.0 = Debug|Any CPU
		{E4004F9A-2F29-5424-8AC9-BE707823BEA5}.Release|Any CPU.ActiveCfg = Release|Any CPU
		{E4004F9A-2F29-5424-8AC9-BE707823BEA5}.Release|Any CPU.Build.0 = Release|Any CPU
		{24D97A8A-9CD0-5561-823E-55C0CD8E0660}.Debug|Any CPU.ActiveCfg = Debug|Any CPU
		{24D97A8A-9CD0-5561-823E-55C0CD8E0660}.Debug|Any CPU.Build.0 = Debug|Any CPU
		{24D97A8A-9CD0-5561-823E-55C0CD8E0660}.Release|Any CPU.ActiveCfg = Release|Any CPU
		{24D97A8A-9CD0-5561-823E-55C0CD8E0660}.Release|Any CPU.Build.0 = Release|Any CPU
		{07C56BC0-BC65-5DF5-ACE4-567099BC94B4}.Debug|Any CPU.ActiveCfg = Debug|Any CPU
		{07C56BC0-BC65-5DF5-ACE4-567099BC94B4}.Debug|Any CPU.Build.0 = Debug|Any CPU
		{07C56BC0-BC65-5DF5-ACE4-567099BC94B4}.Release|Any CPU.ActiveCfg = Release|Any CPU
		{07C56BC0-BC65-5DF5-ACE4-567099BC94B4}.Release|Any CPU.Build.0 = Release|Any CPU
		{7D7FEE05-CF0C-5A89-9D6C-8A24C5FC7699}.Debug|Any CPU.ActiveCfg = Debug|Any CPU
		{7D7FEE05-CF0C-5A89-9D6C-8A24C5FC7699}.Debug|Any CPU.Build.0 = Debug|Any CPU
		{7D7FEE05-CF0C-5A89-9D6C-8A24C5FC7699}.Release|Any CPU.ActiveCfg = Release|Any CPU
		{7D7FEE05-CF0C-5A89-9D6C-8A24C5FC7699}.Release|Any CPU.Build.0 = Release|Any CPU
		{BF7D57C3-7E6D-5CA2-BE08-5EA913A0CBB2}.Debug|Any CPU.ActiveCfg = Debug|Any CPU
		{BF7D57C3-7E6D-5CA2-BE08-5EA913A0CBB2}.Debug|Any CPU.Build.0 = Debug|Any CPU
		{BF7D57C3-7E6D-5CA2-BE08-5EA913A0CBB2}.Release|Any CPU.ActiveCfg = Release|Any CPU
		{BF7D57C3-7E6D-5CA2-BE08-5EA913A0CBB2}.Release|Any CPU.Build.0 = Release|Any CPU
		{359C8107-2ECA-5E2B-9C05-8BBB6E559FDB}.Debug|Any CPU.ActiveCfg = Debug|Any CPU
		{359C8107-2ECA-5E2B-9C05-8BBB6E559FDB}.Debug|Any CPU.Build.0 = Debug|Any CPU
		{359C8107-2ECA-5E2B-9C05-8BBB6E559FDB}.Release|Any CPU.ActiveCfg = Release|Any CPU
		{359C8107-2ECA-5E2B-9C05-8BBB6E559FDB}.Release|Any CPU.Build.0 = Release|Any CPU
		{92E41D06-5FBD-5A22-8F5C-1D0255DD89EB}.Debug|Any CPU.ActiveCfg = Debug|Any CPU
		{92E41D06-5FBD-5A22-8F5C-1D0255DD89EB}.Debug|Any CPU.Build.0 = Debug|Any CPU
		{92E41D06-5FBD-5A22-8F5C-1D0255DD89EB}.Release|Any CPU.ActiveCfg = Release|Any CPU
		{92E41D06-5FBD-5A22-8F5C-1D0255DD89EB}.Release|Any CPU.Build.0 = Release|Any CPU
		{3A6398B7-F88E-5B43-9AEB-DB9DB0B8E8AE}.Debug|Any CPU.ActiveCfg = Debug|Any CPU
		{3A6398B7-F88E-5B43-9AEB-DB9DB0B8E8AE}.Debug|Any CPU.Build.0 = Debug|Any CPU
		{3A6398B7-F88E-5B43-9AEB-DB9DB0B8E8AE}.Release|Any CPU.ActiveCfg = Release|Any CPU
		{3A6398B7-F88E-5B43-9AEB-DB9DB0B8E8AE}.Release|Any CPU.Build.0 = Release|Any CPU
	EndGlobalSection
	GlobalSection(SolutionProperties) = preSolution
		HideSolutionNode = FALSE
	EndGlobalSection
	GlobalSection(NestedProjects) = preSolution
		{B167B1EB-0E9A-581C-A22D-86F2D3494954} = {7FAB2D63-4D80-5A8A-89FB-922ED27A3C87}
		{9196590B-29EE-5EE3-B01E-199965C1C63B} = {7FAB2D63-4D80-5A8A-89FB-922ED27A3C87}
		{89A4F1F5-D9A1-5F5E-9267-D662367F7AB8} = {7FAB2D63-4D80-5A8A-89FB-922ED27A3C87}
		{529B337A-C9F2-5856-9DA2-27061F126D72} = {7FAB2D63-4D80-5A8A-89FB-922ED27A3C87}
		{3E9E64C2-3727-59BF-9DCC-107E8A4977CB} = {7FAB2D63-4D80-5A8A-89FB-922ED27A3C87}
		{E7F038BE-660A-5A38-ACE1-70A8E7DD74C8} = {B167B1EB-0E9A-581C-A22D-86F2D3494954}
		{92494DD7-09E8-5996-AFEB-F53CEC1781CE} = {B167B1EB-0E9A-581C-A22D-86F2D3494954}
		{60A8E914-D805-55CF-9D51-A972AB7178D4} = {B167B1EB-0E9A-581C-A22D-86F2D3494954}
		{5CF65310-E844-50A5-B830-B6DC54796256} = {B167B1EB-0E9A-581C-A22D-86F2D3494954}
		{BC21606B-0B6A-57AB-A5E5-339A183C76E1} = {9196590B-29EE-5EE3-B01E-199965C1C63B}
		{601C57A6-CB7E-5C4E-ACCA-A48ACC33966C} = {9196590B-29EE-5EE3-B01E-199965C1C63B}
		{E4004F9A-2F29-5424-8AC9-BE707823BEA5} = {9196590B-29EE-5EE3-B01E-199965C1C63B}
		{24D97A8A-9CD0-5561-823E-55C0CD8E0660} = {9196590B-29EE-5EE3-B01E-199965C1C63B}
		{07C56BC0-BC65-5DF5-ACE4-567099BC94B4} = {89A4F1F5-D9A1-5F5E-9267-D662367F7AB8}
		{7D7FEE05-CF0C-5A89-9D6C-8A24C5FC7699} = {529B337A-C9F2-5856-9DA2-27061F126D72}
		{BF7D57C3-7E6D-5CA2-BE08-5EA913A0CBB2} = {3E9E64C2-3727-59BF-9DCC-107E8A4977CB}
		{359C8107-2ECA-5E2B-9C05-8BBB6E559FDB} = {7443BF67-6ED9-5CFA-AF5F-14C399CDC16B}
		{92E41D06-5FBD-5A22-8F5C-1D0255DD89EB} = {7443BF67-6ED9-5CFA-AF5F-14C399CDC16B}
		{3A6398B7-F88E-5B43-9AEB-DB9DB0B8E8AE} = {7443BF67-6ED9-5CFA-AF5F-14C399CDC16B}
	EndGlobalSection
EndGlobal
